
Microsoft Visual Studio Solution File, Format Version 12.00
# Visual Studio for Mac
Project("{FAE04EC0-301F-11D3-BF4B-00C04F79EFBC}") = "Assembly-CSharp", "Assembly-CSharp.csproj", "{B622E574-1485-E694-175E-36223D4B6309}"
EndProject
Project("{FAE04EC0-301F-11D3-BF4B-00C04F79EFBC}") = "Assembly-CSharp-Editor", "Assembly-CSharp-Editor.csproj", "{ED606C41-B318-3CEF-1EE8-94A828032BD4}"
EndProject
Global
	GlobalSection(SolutionConfigurationPlatforms) = preSolution
		Debug|Any CPU = Debug|Any CPU
		Release|Any CPU = Release|Any CPU
	EndGlobalSection
	GlobalSection(ProjectConfigurationPlatforms) = postSolution
		{B622E574-1485-E694-175E-36223D4B6309}.Debug|Any CPU.ActiveCfg = Debug|Any CPU
		{B622E574-1485-E694-175E-36223D4B6309}.Debug|Any CPU.Build.0 = Debug|Any CPU
		{B622E574-1485-E694-175E-36223D4B6309}.Release|Any CPU.ActiveCfg = Release|Any CPU
		{B622E574-1485-E694-175E-36223D4B6309}.Release|Any CPU.Build.0 = Release|Any CPU
		{ED606C41-B318-3CEF-1EE8-94A828032BD4}.Debug|Any CPU.ActiveCfg = Debug|Any CPU
		{ED606C41-B318-3CEF-1EE8-94A828032BD4}.Debug|Any CPU.Build.0 = Debug|Any CPU
		{ED606C41-B318-3CEF-1EE8-94A828032BD4}.Release|Any CPU.ActiveCfg = Release|Any CPU
		{ED606C41-B318-3CEF-1EE8-94A828032BD4}.Release|Any CPU.Build.0 = Release|Any CPU
	EndGlobalSection
	GlobalSection(SolutionProperties) = preSolution
		HideSolutionNode = FALSE
	EndGlobalSection
EndGlobal
